
Microsoft Visual Studio Solution File, Format Version 12.00
# Visual Studio Version 17
VisualStudioVersion = 17.0.31903.59
MinimumVisualStudioVersion = 10.0.40219.1
Project("{2150E333-8FDC-42A3-9474-1A3956D46DE8}") = "src", "src", "{827E0CD3-B72D-47B6-A68D-7590B98EB39B}"
EndProject
Project("{FAE04EC0-301F-11D3-BF4B-00C04F79EFBC}") = "Kinetic3D.Domain", "src\Kinetic3D.Domain\Kinetic3D.Domain.csproj", "{203BE24F-1FC7-46FA-B227-FD4FFB48C8DF}"
EndProject
Project("{FAE04EC0-301F-11D3-BF4B-00C04F79EFBC}") = "Kinetic3D.Application", "src\Kinetic3D.Application\Kinetic3D.Application.csproj", "{0D07132A-844C-4C6C-A537-23DCE4CE8A8B}"
EndProject
Project("{FAE04EC0-301F-11D3-BF4B-00C04F79EFBC}") = "Kinetic3D.Infrastructure", "src\Kinetic3D.Infrastructure\Kinetic3D.Infrastructure.csproj", "{E489715A-29AE-446E-A3E0-C7F35B3C253E}"
EndProject
Project("{FAE04EC0-301F-11D3-BF4B-00C04F79EFBC}") = "Kinetic3D.WebAPI", "src\Kinetic3D.WebAPI\Kinetic3D.WebAPI.csproj", "{93FFC012-B945-4ECE-B8A9-675D99B2D410}"
EndProject
Global
	GlobalSection(SolutionConfigurationPlatforms) = preSolution
		Debug|Any CPU = Debug|Any CPU
		Debug|x64 = Debug|x64
		Debug|x86 = Debug|x86
		Release|Any CPU = Release|Any CPU
		Release|x64 = Release|x64
		Release|x86 = Release|x86
	EndGlobalSection
	GlobalSection(ProjectConfigurationPlatforms) = postSolution
		{203BE24F-1FC7-46FA-B227-FD4FFB48C8DF}.Debug|Any CPU.ActiveCfg = Debug|Any CPU
		{203BE24F-1FC7-46FA-B227-FD4FFB48C8DF}.Debug|Any CPU.Build.0 = Debug|Any CPU
		{203BE24F-1FC7-46FA-B227-FD4FFB48C8DF}.Debug|x64.ActiveCfg = Debug|Any CPU
		{203BE24F-1FC7-46FA-B227-FD4FFB48C8DF}.Debug|x64.Build.0 = Debug|Any CPU
		{203BE24F-1FC7-46FA-B227-FD4FFB48C8DF}.Debug|x86.ActiveCfg = Debug|Any CPU
		{203BE24F-1FC7-46FA-B227-FD4FFB48C8DF}.Debug|x86.Build.0 = Debug|Any CPU
		{203BE24F-1FC7-46FA-B227-FD4FFB48C8DF}.Release|Any CPU.ActiveCfg = Release|Any CPU
		{203BE24F-1FC7-46FA-B227-FD4FFB48C8DF}.Release|Any CPU.Build.0 = Release|Any CPU
		{203BE24F-1FC7-46FA-B227-FD4FFB48C8DF}.Release|x64.ActiveCfg = Release|Any CPU
		{203BE24F-1FC7-46FA-B227-FD4FFB48C8DF}.Release|x64.Build.0 = Release|Any CPU
		{203BE24F-1FC7-46FA-B227-FD4FFB48C8DF}.Release|x86.ActiveCfg = Release|Any CPU
		{203BE24F-1FC7-46FA-B227-FD4FFB48C8DF}.Release|x86.Build.0 = Release|Any CPU
		{0D07132A-844C-4C6C-A537-23DCE4CE8A8B}.Debug|Any CPU.ActiveCfg = Debug|Any CPU
		{0D07132A-844C-4C6C-A537-23DCE4CE8A8B}.Debug|Any CPU.Build.0 = Debug|Any CPU
		{0D07132A-844C-4C6C-A537-23DCE4CE8A8B}.Debug|x64.ActiveCfg = Debug|Any CPU
		{0D07132A-844C-4C6C-A537-23DCE4CE8A8B}.Debug|x64.Build.0 = Debug|Any CPU
		{0D07132A-844C-4C6C-A537-23DCE4CE8A8B}.Debug|x86.ActiveCfg = Debug|Any CPU
		{0D07132A-844C-4C6C-A537-23DCE4CE8A8B}.Debug|x86.Build.0 = Debug|Any CPU
		{0D07132A-844C-4C6C-A537-23DCE4CE8A8B}.Release|Any CPU.ActiveCfg = Release|Any CPU
		{0D07132A-844C-4C6C-A537-23DCE4CE8A8B}.Release|Any CPU.Build.0 = Release|Any CPU
		{0D07132A-844C-4C6C-A537-23DCE4CE8A8B}.Release|x64.ActiveCfg = Release|Any CPU
		{0D07132A-844C-4C6C-A537-23DCE4CE8A8B}.Release|x64.Build.0 = Release|Any CPU
		{0D07132A-844C-4C6C-A537-23DCE4CE8A8B}.Release|x86.ActiveCfg = Release|Any CPU
		{0D07132A-844C-4C6C-A537-23DCE4CE8A8B}.Release|x86.Build.0 = Release|Any CPU
		{E489715A-29AE-446E-A3E0-C7F35B3C253E}.Debug|Any CPU.ActiveCfg = Debug|Any CPU
		{E489715A-29AE-446E-A3E0-C7F35B3C253E}.Debug|Any CPU.Build.0 = Debug|Any CPU
		{E489715A-29AE-446E-A3E0-C7F35B3C253E}.Debug|x64.ActiveCfg = Debug|Any CPU
		{E489715A-29AE-446E-A3E0-C7F35B3C253E}.Debug|x64.Build.0 = Debug|Any CPU
		{E489715A-29AE-446E-A3E0-C7F35B3C253E}.Debug|x86.ActiveCfg = Debug|Any CPU
		{E489715A-29AE-446E-A3E0-C7F35B3C253E}.Debug|x86.Build.0 = Debug|Any CPU
		{E489715A-29AE-446E-A3E0-C7F35B3C253E}.Release|Any CPU.ActiveCfg = Release|Any CPU
		{E489715A-29AE-446E-A3E0-C7F35B3C253E}.Release|Any CPU.Build.0 = Release|Any CPU
		{E489715A-29AE-446E-A3E0-C7F35B3C253E}.Release|x64.ActiveCfg = Release|Any CPU
		{E489715A-29AE-446E-A3E0-C7F35B3C253E}.Release|x64.Build.0 = Release|Any CPU
		{E489715A-29AE-446E-A3E0-C7F35B3C253E}.Release|x86.ActiveCfg = Release|Any CPU
		{E489715A-29AE-446E-A3E0-C7F35B3C253E}.Release|x86.Build.0 = Release|Any CPU
		{93FFC012-B945-4ECE-B8A9-675D99B2D410}.Debug|Any CPU.ActiveCfg = Debug|Any CPU
		{93FFC012-B945-4ECE-B8A9-675D99B2D410}.Debug|Any CPU.Build.0 = Debug|Any CPU
		{93FFC012-B945-4ECE-B8A9-675D99B2D410}.Debug|x64.ActiveCfg = Debug|Any CPU
		{93FFC012-B945-4ECE-B8A9-675D99B2D410}.Debug|x64.Build.0 = Debug|Any CPU
		{93FFC012-B945-4ECE-B8A9-675D99B2D410}.Debug|x86.ActiveCfg = Debug|Any CPU
		{93FFC012-B945-4ECE-B8A9-675D99B2D410}.Debug|x86.Build.0 = Debug|Any CPU
		{93FFC012-B945-4ECE-B8A9-675D99B2D410}.Release|Any CPU.ActiveCfg = Release|Any CPU
		{93FFC012-B945-4ECE-B8A9-675D99B2D410}.Release|Any CPU.Build.0 = Release|Any CPU
		{93FFC012-B945-4ECE-B8A9-675D99B2D410}.Release|x64.ActiveCfg = Release|Any CPU
		{93FFC012-B945-4ECE-B8A9-675D99B2D410}.Release|x64.Build.0 = Release|Any CPU
		{93FFC012-B945-4ECE-B8A9-675D99B2D410}.Release|x86.ActiveCfg = Release|Any CPU
		{93FFC012-B945-4ECE-B8A9-675D99B2D410}.Release|x86.Build.0 = Release|Any CPU
	EndGlobalSection
	GlobalSection(SolutionProperties) = preSolution
		HideSolutionNode = FALSE
	EndGlobalSection
	GlobalSection(NestedProjects) = preSolution
		{203BE24F-1FC7-46FA-B227-FD4FFB48C8DF} = {827E0CD3-B72D-47B6-A68D-7590B98EB39B}
		{0D07132A-844C-4C6C-A537-23DCE4CE8A8B} = {827E0CD3-B72D-47B6-A68D-7590B98EB39B}
		{E489715A-29AE-446E-A3E0-C7F35B3C253E} = {827E0CD3-B72D-47B6-A68D-7590B98EB39B}
		{93FFC012-B945-4ECE-B8A9-675D99B2D410} = {827E0CD3-B72D-47B6-A68D-7590B98EB39B}
	EndGlobalSection
EndGlobal
